
Microsoft Visual Studio Solution File, Format Version 12.00
# Visual Studio Version 17
VisualStudioVersion = 17.3.32819.101
MinimumVisualStudioVersion = 10.0.40219.1
Project("{FAE04EC0-301F-11D3-BF4B-00C04F79EFBC}") = "EventManagement", "EventManagement\EventManagement.csproj", "{2907FC0B-5853-46B2-AE70-AAA77C5F73A1}"
EndProject
Project("{00D1A9C2-B5F0-4AF3-8072-F6C62B433612}") = "EventsDB", "EventsDB\EventsDB.sqlproj", "{90999558-0F62-463F-B16F-ABAA4798108A}"
EndProject
Project("{FAE04EC0-301F-11D3-BF4B-00C04F79EFBC}") = "EventsDBConnector", "EventsDBConnector\EventsDBConnector.csproj", "{20E93E09-B79E-42E8-9506-75FC77904AFA}"
EndProject
Project("{FAE04EC0-301F-11D3-BF4B-00C04F79EFBC}") = "EventsAPI", "EventsAPI\EventsAPI.csproj", "{79B60A88-2EAD-42DB-8BAB-D7DBB43624CF}"
EndProject
Global
	GlobalSection(SolutionConfigurationPlatforms) = preSolution
		Debug|Any CPU = Debug|Any CPU
		Release|Any CPU = Release|Any CPU
	EndGlobalSection
	GlobalSection(ProjectConfigurationPlatforms) = postSolution
		{2907FC0B-5853-46B2-AE70-AAA77C5F73A1}.Debug|Any CPU.ActiveCfg = Debug|Any CPU
		{2907FC0B-5853-46B2-AE70-AAA77C5F73A1}.Debug|Any CPU.Build.0 = Debug|Any CPU
		{2907FC0B-5853-46B2-AE70-AAA77C5F73A1}.Release|Any CPU.ActiveCfg = Release|Any CPU
		{2907FC0B-5853-46B2-AE70-AAA77C5F73A1}.Release|Any CPU.Build.0 = Release|Any CPU
		{90999558-0F62-463F-B16F-ABAA4798108A}.Debug|Any CPU.ActiveCfg = Debug|Any CPU
		{90999558-0F62-463F-B16F-ABAA4798108A}.Debug|Any CPU.Build.0 = Debug|Any CPU
		{90999558-0F62-463F-B16F-ABAA4798108A}.Debug|Any CPU.Deploy.0 = Debug|Any CPU
		{90999558-0F62-463F-B16F-ABAA4798108A}.Release|Any CPU.ActiveCfg = Release|Any CPU
		{90999558-0F62-463F-B16F-ABAA4798108A}.Release|Any CPU.Build.0 = Release|Any CPU
		{90999558-0F62-463F-B16F-ABAA4798108A}.Release|Any CPU.Deploy.0 = Release|Any CPU
		{20E93E09-B79E-42E8-9506-75FC77904AFA}.Debug|Any CPU.ActiveCfg = Debug|Any CPU
		{20E93E09-B79E-42E8-9506-75FC77904AFA}.Debug|Any CPU.Build.0 = Debug|Any CPU
		{20E93E09-B79E-42E8-9506-75FC77904AFA}.Release|Any CPU.ActiveCfg = Release|Any CPU
		{20E93E09-B79E-42E8-9506-75FC77904AFA}.Release|Any CPU.Build.0 = Release|Any CPU
		{79B60A88-2EAD-42DB-8BAB-D7DBB43624CF}.Debug|Any CPU.ActiveCfg = Debug|Any CPU
		{79B60A88-2EAD-42DB-8BAB-D7DBB43624CF}.Debug|Any CPU.Build.0 = Debug|Any CPU
		{79B60A88-2EAD-42DB-8BAB-D7DBB43624CF}.Release|Any CPU.ActiveCfg = Release|Any CPU
		{79B60A88-2EAD-42DB-8BAB-D7DBB43624CF}.Release|Any CPU.Build.0 = Release|Any CPU
	EndGlobalSection
	GlobalSection(SolutionProperties) = preSolution
		HideSolutionNode = FALSE
	EndGlobalSection
	GlobalSection(ExtensibilityGlobals) = postSolution
		SolutionGuid = {DF4CABAE-4AAB-448C-BEC9-D2FB15E3CBBE}
	EndGlobalSection
EndGlobal
